
Microsoft Visual Studio Solution File, Format Version 12.00
# Visual Studio Version 17
VisualStudioVersion = 17.5.002.0
MinimumVisualStudioVersion = 10.0.40219.1
Project("{9A19103F-16F7-4668-BE54-9A1E7A4F7556}") = "UserManagementAPI", "UserManagementAPI.csproj", "{CEAB742E-40EE-4E41-8BFA-D856A8EA67F7}"
EndProject
Global
	GlobalSection(SolutionConfigurationPlatforms) = preSolution
		Debug|Any CPU = Debug|Any CPU
		Release|Any CPU = Release|Any CPU
	EndGlobalSection
	GlobalSection(ProjectConfigurationPlatforms) = postSolution
		{CEAB742E-40EE-4E41-8BFA-D856A8EA67F7}.Debug|Any CPU.ActiveCfg = Debug|Any CPU
		{CEAB742E-40EE-4E41-8BFA-D856A8EA67F7}.Debug|Any CPU.Build.0 = Debug|Any CPU
		{CEAB742E-40EE-4E41-8BFA-D856A8EA67F7}.Release|Any CPU.ActiveCfg = Release|Any CPU
		{CEAB742E-40EE-4E41-8BFA-D856A8EA67F7}.Release|Any CPU.Build.0 = Release|Any CPU
	EndGlobalSection
	GlobalSection(SolutionProperties) = preSolution
		HideSolutionNode = FALSE
	EndGlobalSection
	GlobalSection(ExtensibilityGlobals) = postSolution
		SolutionGuid = {A4E261AA-11DB-4DF8-B4E7-3603D98E6653}
	EndGlobalSection
EndGlobal
